{
  "name": "verifyemail",
  "version": "1.0.0",
  "lockfileVersion": 1,
  "dependencies": {
    "email-existence": {
      "version": "0.1.5",
      "resolved": "https://registry.npmjs.org/email-existence/-/email-existence-0.1.5.tgz",
      "integrity": "sha1-AwPbLoWEzAzV6MRukfR/w4QvUFs="
    }
  }
}
